
Microsoft Visual Studio Solution File, Format Version 12.00
# Visual Studio Version 17
VisualStudioVersion = 17.13.35825.156 d17.13
MinimumVisualStudioVersion = 10.0.40219.1
Project("{FAE04EC0-301F-11D3-BF4B-00C04F79EFBC}") = "Contacts", "Contacts.csproj", "{ABC7CCC9-4709-4BB8-B2E0-379DB8987C9B}"
EndProject
Global
	GlobalSection(SolutionConfigurationPlatforms) = preSolution
		Debug|Any CPU = Debug|Any CPU
		Release|Any CPU = Release|Any CPU
	EndGlobalSection
	GlobalSection(ProjectConfigurationPlatforms) = postSolution
		{ABC7CCC9-4709-4BB8-B2E0-379DB8987C9B}.Debug|Any CPU.ActiveCfg = Debug|Any CPU
		{ABC7CCC9-4709-4BB8-B2E0-379DB8987C9B}.Debug|Any CPU.Build.0 = Debug|Any CPU
		{ABC7CCC9-4709-4BB8-B2E0-379DB8987C9B}.Release|Any CPU.ActiveCfg = Release|Any CPU
		{ABC7CCC9-4709-4BB8-B2E0-379DB8987C9B}.Release|Any CPU.Build.0 = Release|Any CPU
	EndGlobalSection
	GlobalSection(SolutionProperties) = preSolution
		HideSolutionNode = FALSE
	EndGlobalSection
	GlobalSection(ExtensibilityGlobals) = postSolution
		SolutionGuid = {A3F3CFEB-1403-4B9A-B026-DF3AB334131D}
	EndGlobalSection
EndGlobal
